<?xml version="1.0" encoding="utf-8"?>
<Project ToolsVersion="4.0" xmlns="http://schemas.microsoft.com/developer/msbuild/2003">
  <ItemGroup>
    <Filter Include="ソース ファイル">
      <UniqueIdentifier>{4FC737F1-C7A5-4376-A066-2A32D752A2FF}</UniqueIdentifier>
      <Extensions>cpp;c;cc;cxx;def;odl;idl;hpj;bat;asm;asmx</Extensions>
    </Filter>
    <Filter Include="ソース ファイル\Library">
      <UniqueIdentifier>{b3cf0510-8d89-40a4-87d1-4a3eea4873d6}</UniqueIdentifier>
    </Filter>
    <Filter Include="ソース ファイル\Library\SceneManager">
      <UniqueIdentifier>{8c61653c-caa6-4714-a62d-f9ed1eacb39a}</UniqueIdentifier>
    </Filter>
    <Filter Include="ソース ファイル\Library\GameObject">
      <UniqueIdentifier>{ea33267c-8d74-49ee-bb62-23e622c86be3}</UniqueIdentifier>
    </Filter>
    <Filter Include="ソース ファイル\Library\Components">
      <UniqueIdentifier>{6f35023c-3f7f-45d7-b836-2b9dd322683f}</UniqueIdentifier>
    </Filter>
    <Filter Include="ソース ファイル\Library\Components\AnimationComponent">
      <UniqueIdentifier>{981279bc-9efd-432c-8d9b-e3ee3e5691d7}</UniqueIdentifier>
    </Filter>
    <Filter Include="ソース ファイル\Library\Components\CollisionComponent">
      <UniqueIdentifier>{f05b3da2-0cb6-4522-88ce-f5abaca370df}</UniqueIdentifier>
    </Filter>
    <Filter Include="ソース ファイル\Library\Components\InputComponent">
      <UniqueIdentifier>{4c5e1976-8cf7-4c72-a31a-167b295b4536}</UniqueIdentifier>
    </Filter>
    <Filter Include="ソース ファイル\Library\commonObjects">
      <UniqueIdentifier>{6c5edecb-f9da-446d-adcf-d1cab3f3e53d}</UniqueIdentifier>
    </Filter>
    <Filter Include="ソース ファイル\Scene">
      <UniqueIdentifier>{a726b16e-4d68-4aaa-aedd-7ef6d1754155}</UniqueIdentifier>
    </Filter>
    <Filter Include="ソース ファイル\Scene\Boot">
      <UniqueIdentifier>{c046e6af-697f-4c3b-9e32-7000eb809de3}</UniqueIdentifier>
    </Filter>
    <Filter Include="ソース ファイル\System">
      <UniqueIdentifier>{f3f359ef-8fa2-48b3-8356-f1dac5a0d9b5}</UniqueIdentifier>
    </Filter>
    <Filter Include="ソース ファイル\System\ResourceManager">
      <UniqueIdentifier>{a49c7b1f-61e3-4f81-b2e7-753690577f17}</UniqueIdentifier>
    </Filter>
    <Filter Include="ソース ファイル\System\LoadManager">
      <UniqueIdentifier>{f24057c1-3f31-4110-be54-7b15d6988015}</UniqueIdentifier>
    </Filter>
    <Filter Include="ソース ファイル\System\LoadManager\LoadData">
      <UniqueIdentifier>{d7fdfefb-3c5e-4c2f-b5bc-3c060fc93729}</UniqueIdentifier>
    </Filter>
    <Filter Include="ソース ファイル\System\LoadManager\LoadDraw">
      <UniqueIdentifier>{1d95196a-8845-4f69-a83b-9c7b11c90832}</UniqueIdentifier>
    </Filter>
    <Filter Include="ソース ファイル\System\DebugManager">
      <UniqueIdentifier>{2830ef86-2ef7-4ce5-980c-7521b4039576}</UniqueIdentifier>
    </Filter>
    <Filter Include="ソース ファイル\System\CsvManager">
      <UniqueIdentifier>{5632719a-42d8-4501-bf36-158b3228b1cc}</UniqueIdentifier>
    </Filter>
    <Filter Include="ソース ファイル\System\CsvManager\ReadCsv">
      <UniqueIdentifier>{3d4a579c-9d90-4a10-8595-e22819563510}</UniqueIdentifier>
    </Filter>
    <Filter Include="ソース ファイル\System\CsvManager\CsvData">
      <UniqueIdentifier>{6b3d5917-c485-45d1-977b-e8fa0a3bc8e6}</UniqueIdentifier>
    </Filter>
    <Filter Include="ソース ファイル\System\EffectManager">
      <UniqueIdentifier>{7f535fd5-b0ad-4758-9ac5-558fe49146e7}</UniqueIdentifier>
    </Filter>
    <Filter Include="ソース ファイル\System\MyEffecseer">
      <UniqueIdentifier>{4bfc3f68-067a-4a0d-8a1a-1209eb4a93ed}</UniqueIdentifier>
    </Filter>
    <Filter Include="ソース ファイル\System\FadeManager">
      <UniqueIdentifier>{2c5eb8d5-d00a-4d04-94b7-7609f160749f}</UniqueIdentifier>
    </Filter>
    <Filter Include="ソース ファイル\System\SoundManager">
      <UniqueIdentifier>{1ce6df6b-00c9-4dcb-8b13-e52f87383f61}</UniqueIdentifier>
    </Filter>
    <Filter Include="ソース ファイル\System\SoundManager\Sounds">
      <UniqueIdentifier>{4e4304c8-42ec-44eb-bdb7-250b77493197}</UniqueIdentifier>
    </Filter>
    <Filter Include="ソース ファイル\System\EffectManager\FireFlower">
      <UniqueIdentifier>{c1958cc2-d58b-4e00-a10c-879f65c4094c}</UniqueIdentifier>
    </Filter>
    <Filter Include="ソース ファイル\System\DebugManager\DebugClasses">
      <UniqueIdentifier>{7d06ed9b-e31c-4357-a9ea-3e643fb67c93}</UniqueIdentifier>
    </Filter>
    <Filter Include="ソース ファイル\Scene\Title">
      <UniqueIdentifier>{82936aa0-a6cb-4ceb-9b31-be16294765ce}</UniqueIdentifier>
    </Filter>
    <Filter Include="ソース ファイル\System\CacheManager">
      <UniqueIdentifier>{aebe2129-1722-43b5-ab36-dee8105ced03}</UniqueIdentifier>
    </Filter>
    <Filter Include="ソース ファイル\System\RenderManager">
      <UniqueIdentifier>{6f9b158e-2b37-4c32-8fbb-f8aa8f91c83d}</UniqueIdentifier>
    </Filter>
    <Filter Include="ソース ファイル\System\RenderManager\Shader">
      <UniqueIdentifier>{7d46ecda-e36a-4165-a219-bbee41f7555b}</UniqueIdentifier>
    </Filter>
    <Filter Include="ソース ファイル\Library\Components\PolygonSetComponent">
      <UniqueIdentifier>{519fc605-2b30-406e-87c2-e98c66016c69}</UniqueIdentifier>
    </Filter>
    <Filter Include="ソース ファイル\System\ThreadManager">
      <UniqueIdentifier>{1438b339-e1cf-495a-871f-518fbb9b982e}</UniqueIdentifier>
    </Filter>
    <Filter Include="ソース ファイル\Scene\Title\TestCollision">
      <UniqueIdentifier>{30bcb0fb-6278-46b1-bc45-6c838c224014}</UniqueIdentifier>
    </Filter>
    <Filter Include="ソース ファイル\Scene\Play">
      <UniqueIdentifier>{60fdc10e-5208-42b4-a205-37e091f605d8}</UniqueIdentifier>
    </Filter>
    <Filter Include="ソース ファイル\Scene\Play\PlayState">
      <UniqueIdentifier>{b4cf9da8-00bd-4e9f-a057-7e0094d9baba}</UniqueIdentifier>
    </Filter>
    <Filter Include="ソース ファイル\Scene\Play\PlayState\PlayLoad">
      <UniqueIdentifier>{51b90be3-c379-4133-a575-af5fbe5b2632}</UniqueIdentifier>
    </Filter>
    <Filter Include="ソース ファイル\Scene\Play\EnemyManager">
      <UniqueIdentifier>{e2c7a28e-02e3-4b8c-8525-12c6ed4b9b04}</UniqueIdentifier>
    </Filter>
    <Filter Include="ソース ファイル\Scene\Play\PlayState\PlayGame">
      <UniqueIdentifier>{a746ea2d-442c-4fb6-a7e2-ba1f5eb154b2}</UniqueIdentifier>
    </Filter>
    <Filter Include="ソース ファイル\Scene\Play\Player">
      <UniqueIdentifier>{0316322d-ed58-498d-8be1-cf2c56a05c31}</UniqueIdentifier>
    </Filter>
    <Filter Include="ソース ファイル\Scene\Play\FieldManager">
      <UniqueIdentifier>{ef9c68f9-8070-465a-a4c1-ae78474b8166}</UniqueIdentifier>
    </Filter>
    <Filter Include="ソース ファイル\Scene\Play\FieldManager\FieldObject">
      <UniqueIdentifier>{cb5f2cda-e2d1-4ac6-9980-edbc8566e5d9}</UniqueIdentifier>
    </Filter>
    <Filter Include="ソース ファイル\Scene\Play\Camera">
      <UniqueIdentifier>{78c50bce-b793-4328-be0b-b29a2450a787}</UniqueIdentifier>
    </Filter>
    <Filter Include="ソース ファイル\Scene\Play\Light">
      <UniqueIdentifier>{c9f6a4c1-67d2-416b-9828-c215cb93002a}</UniqueIdentifier>
    </Filter>
    <Filter Include="ソース ファイル\Scene\Play\Player\State">
      <UniqueIdentifier>{fce19f54-db1c-4939-9b4d-85af1f7a9f5d}</UniqueIdentifier>
    </Filter>
    <Filter Include="ソース ファイル\System\InputManager">
      <UniqueIdentifier>{cb7d1935-ea8b-4bd9-a1d1-dd624f2a2e01}</UniqueIdentifier>
    </Filter>
    <Filter Include="ソース ファイル\System\ComplessManager">
      <UniqueIdentifier>{c99a205a-15eb-4617-ba67-9917c5d2d870}</UniqueIdentifier>
    </Filter>
  </ItemGroup>
  <ItemGroup>
    <ClCompile Include="Library\app.cpp">
      <Filter>ソース ファイル\Library</Filter>
    </ClCompile>
    <ClCompile Include="Library\main.cpp">
      <Filter>ソース ファイル\Library</Filter>
    </ClCompile>
    <ClCompile Include="Library\SceneManager\SceneManager.cpp">
      <Filter>ソース ファイル\Library\SceneManager</Filter>
    </ClCompile>
    <ClCompile Include="Library\GameObject\GameObject.cpp">
      <Filter>ソース ファイル\Library\GameObject</Filter>
    </ClCompile>
    <ClCompile Include="Library\GameObject\GameObjectManager.cpp">
      <Filter>ソース ファイル\Library\GameObject</Filter>
    </ClCompile>
    <ClCompile Include="Library\Components\AnimationComponent\AnimationComponent.cpp">
      <Filter>ソース ファイル\Library\Components\AnimationComponent</Filter>
    </ClCompile>
    <ClCompile Include="Library\Components\CollisionComponent\CollisionComponent.cpp">
      <Filter>ソース ファイル\Library\Components\CollisionComponent</Filter>
    </ClCompile>
    <ClCompile Include="Library\Components\InputComponent\InputComponent.cpp">
      <Filter>ソース ファイル\Library\Components\InputComponent</Filter>
    </ClCompile>
    <ClCompile Include="Library\Common\commonObjects.cpp">
      <Filter>ソース ファイル\Library\commonObjects</Filter>
    </ClCompile>
    <ClCompile Include="Source\System\ResourceManager\ResourceManager.cpp">
      <Filter>ソース ファイル\System\ResourceManager</Filter>
    </ClCompile>
    <ClCompile Include="Source\System\LoadManager\LoadManager.cpp">
      <Filter>ソース ファイル\System\LoadManager</Filter>
    </ClCompile>
    <ClCompile Include="Source\System\LoadManager\LoadData\LoadData.cpp">
      <Filter>ソース ファイル\System\LoadManager\LoadData</Filter>
    </ClCompile>
    <ClCompile Include="Source\System\LoadManager\LoadDraw\LoadDraw.cpp">
      <Filter>ソース ファイル\System\LoadManager\LoadDraw</Filter>
    </ClCompile>
    <ClCompile Include="Source\System\CsvManager\CsvManager.cpp">
      <Filter>ソース ファイル\System\CsvManager</Filter>
    </ClCompile>
    <ClCompile Include="Source\System\CsvManager\ReadCsv\ReadCsv.cpp">
      <Filter>ソース ファイル\System\CsvManager\ReadCsv</Filter>
    </ClCompile>
    <ClCompile Include="Source\System\CsvManager\CsvData\CsvData.cpp">
      <Filter>ソース ファイル\System\CsvManager\CsvData</Filter>
    </ClCompile>
    <ClCompile Include="Source\Scene\SceneFactory.cpp">
      <Filter>ソース ファイル\Scene</Filter>
    </ClCompile>
    <ClCompile Include="Source\Scene\Boot\BootScene.cpp">
      <Filter>ソース ファイル\Scene\Boot</Filter>
    </ClCompile>
    <ClCompile Include="Source\System\EffectManager\EffectManager.cpp">
      <Filter>ソース ファイル\System\EffectManager</Filter>
    </ClCompile>
    <ClCompile Include="Source\System\MyEffekseer\MyEffekseer.cpp">
      <Filter>ソース ファイル\System\MyEffecseer</Filter>
    </ClCompile>
    <ClCompile Include="Source\System\FadeManager\FadeManager.cpp">
      <Filter>ソース ファイル\System\FadeManager</Filter>
    </ClCompile>
    <ClCompile Include="Source\System\SoundManager\SoundManager.cpp">
      <Filter>ソース ファイル\System\SoundManager</Filter>
    </ClCompile>
    <ClCompile Include="Source\System\SoundManager\Sounds\Sounds.cpp">
      <Filter>ソース ファイル\System\SoundManager\Sounds</Filter>
    </ClCompile>
    <ClCompile Include="Source\System\EffectManager\FireFlowar\FireFlowar.cpp">
      <Filter>ソース ファイル\System\EffectManager\FireFlower</Filter>
    </ClCompile>
    <ClCompile Include="Source\System\DebugManager\DebugManager.cpp">
      <Filter>ソース ファイル\System\DebugManager</Filter>
    </ClCompile>
    <ClCompile Include="Source\System\DebugManager\DebugClasses\DebugClasses.cpp">
      <Filter>ソース ファイル\System\DebugManager\DebugClasses</Filter>
    </ClCompile>
    <ClCompile Include="Source\Scene\Title\TitleScene.cpp">
      <Filter>ソース ファイル\Scene\Title</Filter>
    </ClCompile>
    <ClCompile Include="Source\System\CacheManager\CacheManager.cpp">
      <Filter>ソース ファイル\System\CacheManager</Filter>
    </ClCompile>
    <ClCompile Include="Source\System\RenderManager\RenderManager.cpp">
      <Filter>ソース ファイル\System\RenderManager</Filter>
    </ClCompile>
    <ClCompile Include="Source\System\RenderManager\Shader\Shader.cpp">
      <Filter>ソース ファイル\System\RenderManager\Shader</Filter>
    </ClCompile>
    <ClCompile Include="Library\Components\PolygonSetComponent\PolygonSetComponent.cpp">
      <Filter>ソース ファイル\Library\Components\PolygonSetComponent</Filter>
    </ClCompile>
    <ClCompile Include="Source\Scene\Title\TestCollision\TestCollision.cpp">
      <Filter>ソース ファイル\Scene\Title\TestCollision</Filter>
    </ClCompile>
    <ClCompile Include="Source\Scene\Play\PlayScene.cpp">
      <Filter>ソース ファイル\Scene\Play</Filter>
    </ClCompile>
    <ClCompile Include="Source\Scene\Play\PlayState\PlayLoad\PlayLoad.cpp">
      <Filter>ソース ファイル\Scene\Play\PlayState\PlayLoad</Filter>
    </ClCompile>
    <ClCompile Include="Source\Scene\Play\EnemyManager\EnemyManager.cpp">
      <Filter>ソース ファイル\Scene\Play\EnemyManager</Filter>
    </ClCompile>
    <ClCompile Include="Source\Scene\Play\PlayState\PlayGame\PlayGame.cpp">
      <Filter>ソース ファイル\Scene\Play\PlayState\PlayGame</Filter>
    </ClCompile>
    <ClCompile Include="Source\Scene\Play\Player\Player.cpp">
      <Filter>ソース ファイル\Scene\Play\Player</Filter>
    </ClCompile>
    <ClCompile Include="Source\Scene\Play\FieldManager\FieldManager.cpp">
      <Filter>ソース ファイル\Scene\Play\FieldManager</Filter>
    </ClCompile>
    <ClCompile Include="Source\Scene\Play\FieldManager\FieldObject\FIeldObject.cpp">
      <Filter>ソース ファイル\Scene\Play\FieldManager\FieldObject</Filter>
    </ClCompile>
    <ClCompile Include="Source\Scene\Play\Camera\Camera.cpp">
      <Filter>ソース ファイル\Scene\Play\Camera</Filter>
    </ClCompile>
    <ClCompile Include="Source\Scene\Play\Light\Light.cpp">
      <Filter>ソース ファイル\Scene\Play\Light</Filter>
    </ClCompile>
    <ClCompile Include="Source\Scene\Play\Player\State\PlayerMovement.cpp">
      <Filter>ソース ファイル\Scene\Play\Player</Filter>
    </ClCompile>
    <ClCompile Include="Source\Scene\Play\Player\State\PlayerMoveState.cpp">
      <Filter>ソース ファイル\Scene\Play\Player\State</Filter>
    </ClCompile>
    <ClCompile Include="Source\Scene\Play\Player\State\PlayerShotChainState .cpp">
      <Filter>ソース ファイル\Scene\Play\Player\State</Filter>
    </ClCompile>
    <ClCompile Include="Source\Scene\Play\Player\State\PlayerWaitState.cpp">
      <Filter>ソース ファイル\Scene\Play\Player\State</Filter>
    </ClCompile>
    <ClCompile Include="Source\System\InputManager\InputManager.cpp">
      <Filter>ソース ファイル\System\InputManager</Filter>
    </ClCompile>
    <ClCompile Include="Source\System\CompressManager\CompressManager.cpp">
      <Filter>ソース ファイル\System\ComplessManager</Filter>
    </ClCompile>
  </ItemGroup>
  <ItemGroup>
    <ClInclude Include="Library\App.h">
      <Filter>ソース ファイル\Library</Filter>
    </ClInclude>
    <ClInclude Include="Library\SceneManager\SceneBase.h">
      <Filter>ソース ファイル\Library\SceneManager</Filter>
    </ClInclude>
    <ClInclude Include="Library\SceneManager\SceneManager.h">
      <Filter>ソース ファイル\Library\SceneManager</Filter>
    </ClInclude>
    <ClInclude Include="Library\GameObject\GameObject.h">
      <Filter>ソース ファイル\Library\GameObject</Filter>
    </ClInclude>
    <ClInclude Include="Library\GameObject\GameObjectManager.h">
      <Filter>ソース ファイル\Library\GameObject</Filter>
    </ClInclude>
    <ClInclude Include="Library\Components\ComponentBase.h">
      <Filter>ソース ファイル\Library\Components</Filter>
    </ClInclude>
    <ClInclude Include="Library\Components\AnimationComponent\AnimationComponent.h">
      <Filter>ソース ファイル\Library\Components\AnimationComponent</Filter>
    </ClInclude>
    <ClInclude Include="Library\Components\CollisionComponent\CollisionComponent.h">
      <Filter>ソース ファイル\Library\Components\CollisionComponent</Filter>
    </ClInclude>
    <ClInclude Include="Library\Components\InputComponent\InputComponent.h">
      <Filter>ソース ファイル\Library\Components\InputComponent</Filter>
    </ClInclude>
    <ClInclude Include="Library\Common\commonObjects.h">
      <Filter>ソース ファイル\Library\commonObjects</Filter>
    </ClInclude>
    <ClInclude Include="Source\System\ResourceManager\ResourceManager.h">
      <Filter>ソース ファイル\System\ResourceManager</Filter>
    </ClInclude>
    <ClInclude Include="Source\System\LoadManager\LoadManager.h">
      <Filter>ソース ファイル\System\LoadManager</Filter>
    </ClInclude>
    <ClInclude Include="Source\System\LoadManager\LoadData\LoadData.h">
      <Filter>ソース ファイル\System\LoadManager\LoadData</Filter>
    </ClInclude>
    <ClInclude Include="Source\System\LoadManager\LoadDraw\LoadDraw.h">
      <Filter>ソース ファイル\System\LoadManager\LoadDraw</Filter>
    </ClInclude>
    <ClInclude Include="Source\System\DebugManager\DebugManager.h">
      <Filter>ソース ファイル\System\DebugManager</Filter>
    </ClInclude>
    <ClInclude Include="Source\System\CsvManager\CsvManager.h">
      <Filter>ソース ファイル\System\CsvManager</Filter>
    </ClInclude>
    <ClInclude Include="Source\System\CsvManager\ReadCsv\ReadCsv.h">
      <Filter>ソース ファイル\System\CsvManager\ReadCsv</Filter>
    </ClInclude>
    <ClInclude Include="Source\System\CsvManager\CsvData\CsvData.h">
      <Filter>ソース ファイル\System\CsvManager\CsvData</Filter>
    </ClInclude>
    <ClInclude Include="Source\Scene\SceneFactory.h">
      <Filter>ソース ファイル\Scene</Filter>
    </ClInclude>
    <ClInclude Include="Source\Scene\Boot\BootScene.h">
      <Filter>ソース ファイル\Scene\Boot</Filter>
    </ClInclude>
    <ClInclude Include="Source\System\EffectManager\EffectManager.h">
      <Filter>ソース ファイル\System\EffectManager</Filter>
    </ClInclude>
    <ClInclude Include="Source\System\MyEffekseer\MyEffekseer.h">
      <Filter>ソース ファイル\System\MyEffecseer</Filter>
    </ClInclude>
    <ClInclude Include="Source\System\FadeManager\FadeManager.h">
      <Filter>ソース ファイル\System\FadeManager</Filter>
    </ClInclude>
    <ClInclude Include="Source\System\SoundManager\SoundManager.h">
      <Filter>ソース ファイル\System\SoundManager</Filter>
    </ClInclude>
    <ClInclude Include="Source\System\SoundManager\Sounds\Sounds.h">
      <Filter>ソース ファイル\System\SoundManager\Sounds</Filter>
    </ClInclude>
    <ClInclude Include="Source\System\EffectManager\EffectBase.h">
      <Filter>ソース ファイル\System\EffectManager</Filter>
    </ClInclude>
    <ClInclude Include="Source\System\EffectManager\FireFlowar\FireFlowar.h">
      <Filter>ソース ファイル\System\EffectManager\FireFlower</Filter>
    </ClInclude>
    <ClInclude Include="Source\System\DebugManager\DebugClasses\DebugClasses.h">
      <Filter>ソース ファイル\System\DebugManager\DebugClasses</Filter>
    </ClInclude>
    <ClInclude Include="Source\Scene\Title\TitleScene.h">
      <Filter>ソース ファイル\Scene\Title</Filter>
    </ClInclude>
    <ClInclude Include="Source\System\CacheManager\CacheManager.h">
      <Filter>ソース ファイル\System\CacheManager</Filter>
    </ClInclude>
    <ClInclude Include="Source\System\RenderManager\RenderManager.h">
      <Filter>ソース ファイル\System\RenderManager</Filter>
    </ClInclude>
    <ClInclude Include="Source\System\RenderManager\Shader\Shader.h">
      <Filter>ソース ファイル\System\RenderManager\Shader</Filter>
    </ClInclude>
    <ClInclude Include="Library\Components\PolygonSetComponent\PolygonSetComponent.h">
      <Filter>ソース ファイル\Library\Components\PolygonSetComponent</Filter>
    </ClInclude>
    <ClInclude Include="Source\Common.h">
      <Filter>ソース ファイル\Scene</Filter>
    </ClInclude>
    <ClInclude Include="Source\Config.h">
      <Filter>ソース ファイル\Scene</Filter>
    </ClInclude>
    <ClInclude Include="Source\System\ThreadManager\ThreadManager.h">
      <Filter>ソース ファイル\System\ThreadManager</Filter>
    </ClInclude>
    <ClInclude Include="Source\Scene\Title\TestCollision\TestCollision.h">
      <Filter>ソース ファイル\Scene\Title\TestCollision</Filter>
    </ClInclude>
    <ClInclude Include="Source\Scene\Play\PlayScene.h">
      <Filter>ソース ファイル\Scene\Play</Filter>
    </ClInclude>
    <ClInclude Include="Source\Scene\Play\PlayState\PlayStateBase.h">
      <Filter>ソース ファイル\Scene\Play\PlayState</Filter>
    </ClInclude>
    <ClInclude Include="Source\Scene\Play\PlayState\PlayLoad\PlayLoad.h">
      <Filter>ソース ファイル\Scene\Play\PlayState\PlayLoad</Filter>
    </ClInclude>
    <ClInclude Include="Source\Scene\Play\EnemyManager\EnemyManager.h">
      <Filter>ソース ファイル\Scene\Play\EnemyManager</Filter>
    </ClInclude>
    <ClInclude Include="Source\Scene\Play\PlayState\PlayGame\PlayGame.h">
      <Filter>ソース ファイル\Scene\Play\PlayState\PlayGame</Filter>
    </ClInclude>
    <ClInclude Include="Source\Scene\Play\Player\Player.h">
      <Filter>ソース ファイル\Scene\Play\Player</Filter>
    </ClInclude>
    <ClInclude Include="Source\Scene\Play\FieldManager\FieldManager.h">
      <Filter>ソース ファイル\Scene\Play\FieldManager</Filter>
    </ClInclude>
    <ClInclude Include="Source\Scene\Play\FieldManager\FieldBase.h">
      <Filter>ソース ファイル\Scene\Play\FieldManager</Filter>
    </ClInclude>
    <ClInclude Include="Source\Scene\Play\FieldManager\FieldObject\FIeldObject.h">
      <Filter>ソース ファイル\Scene\Play\FieldManager\FieldObject</Filter>
    </ClInclude>
    <ClInclude Include="Source\Scene\Play\Camera\Camera.h">
      <Filter>ソース ファイル\Scene\Play\Camera</Filter>
    </ClInclude>
    <ClInclude Include="Source\Scene\Play\Light\Light.h">
      <Filter>ソース ファイル\Scene\Play\Light</Filter>
    </ClInclude>
    <ClInclude Include="Source\Scene\Play\Player\State\PlayerMovement.h">
      <Filter>ソース ファイル\Scene\Play\Player</Filter>
    </ClInclude>
    <ClInclude Include="Source\Scene\Play\Player\State\PlayerMoveState.h">
      <Filter>ソース ファイル\Scene\Play\Player\State</Filter>
    </ClInclude>
    <ClInclude Include="Source\Scene\Play\Player\State\PlayerWaitState.h">
      <Filter>ソース ファイル\Scene\Play\Player\State</Filter>
    </ClInclude>
    <ClInclude Include="Source\Scene\Play\Player\State\PlayerShotChainState .h">
      <Filter>ソース ファイル\Scene\Play\Player\State</Filter>
    </ClInclude>
    <ClInclude Include="Source\Scene\Play\Player\State\PlayerStateBase.h">
      <Filter>ソース ファイル\Scene\Play\Player\State</Filter>
    </ClInclude>
    <ClInclude Include="Source\System\InputManager\InputManager.h">
      <Filter>ソース ファイル\System\InputManager</Filter>
    </ClInclude>
    <ClInclude Include="Source\System\CompressManager\CompressManager.h">
      <Filter>ソース ファイル\System\ComplessManager</Filter>
    </ClInclude>
  </ItemGroup>
</Project>